github.com/hedzr/is v0.6.0 h1:iMq3aprzzXXOeEk8SOk+sfFrvVn1BwLncAXBH5YhjXo=
github.com/hedzr/is v0.6.0/go.mod h1:WPdrinHKBspd2KoCCdkFDuErxWIhTk38/lYP77ju/GE=
github.com/hedzr/is v0.6.2 h1:dZaeelVBKJIdDOqJzOA6qG7lE83xoMqMKlGdQ1hROZo=
github.com/hedzr/is v0.6.2/go.mod h1:xBfXsyXVnxBpq8dYy2zKjex/ErTCpaFVB+j8JDvGTYY=
